// !$*UTF8*$!
{
	archiveVersion = 1;
	classes = {
	};
	objectVersion = 46;
	objects = {

/* Begin PBXBuildFile section */
		7222A2661E2123F200EE2E0F /* AppDelegate.swift in Sources */ = {isa = PBXBuildFile; fileRef = 7222A2651E2123F200EE2E0F /* AppDelegate.swift */; };
		7222A2681E2123F200EE2E0F /* ViewController.swift in Sources */ = {isa = PBXBuildFile; fileRef = 7222A2671E2123F200EE2E0F /* ViewController.swift */; };
		7222A26B1E2123F200EE2E0F /* Main.storyboard in Resources */ = {isa = PBXBuildFile; fileRef = 7222A2691E2123F200EE2E0F /* Main.storyboard */; };
		7222A26D1E2123F200EE2E0F /* Assets.xcassets in Resources */ = {isa = PBXBuildFile; fileRef = 7222A26C1E2123F200EE2E0F /* Assets.xcassets */; };
		7222A2701E2123F200EE2E0F /* LaunchScreen.storyboard in Resources */ = {isa = PBXBuildFile; fileRef = 7222A26E1E2123F200EE2E0F /* LaunchScreen.storyboard */; };
/* End PBXBuildFile section */

/* Begin PBXFileReference section */
		7222A2621E2123F200EE2E0F /* Playing-with-RxSwift.app */ = {isa = PBXFileReference; explicitFileType = wrapper.application; includeInIndex = 0; path = "Playing-with-RxSwift.app"; sourceTree = BUILT_PRODUCTS_DIR; };
		7222A2651E2123F200EE2E0F /* AppDelegate.swift */ = {isa = PBXFileReference; lastKnownFileType = sourcecode.swift; path = AppDelegate.swift; sourceTree = "<group>"; };
		7222A2671E2123F200EE2E0F /* ViewController.swift */ = {isa = PBXFileReference; lastKnownFileType = sourcecode.swift; path = ViewController.swift; sourceTree = "<group>"; };
		7222A26A1E2123F200EE2E0F /* Base */ = {isa = PBXFileReference; lastKnownFileType = file.storyboard; name = Base; path = Base.lproj/Main.storyboard; sourceTree = "<group>"; };
		7222A26C1E2123F200EE2E0F /* Assets.xcassets */ = {isa = PBXFileReference; lastKnownFileType = folder.assetcatalog; path = Assets.xcassets; sourceTree = "<group>"; };
		7222A26F1E2123F200EE2E0F /* Base */ = {isa = PBXFileReference; lastKnownFileType = file.storyboard; name = Base; path = Base.lproj/LaunchScreen.storyboard; sourceTree = "<group>"; };
		7222A2711E2123F200EE2E0F /* Info.plist */ = {isa = PBXFileReference; lastKnownFileType = text.plist.xml; path = Info.plist; sourceTree = "<group>"; };
/* End PBXFileReference section */

/* Begin PBXFrameworksBuildPhase section */
		7222A25F1E2123F200EE2E0F /* Frameworks */ = {
			isa = PBXFrameworksBuildPhase;
			buildActionMask = 2147483647;
			files = (
			);
			runOnlyForDeploymentPostprocessing = 0;
		};
/* End PBXFrameworksBuildPhase section */

/* Begin PBXGroup section */
		7222A2591E2123F200EE2E0F = {
			isa = PBXGroup;
			children = (
				7222A2641E2123F200EE2E0F /* Playing-with-RxSwift */,
				7222A2631E2123F200EE2E0F /* Products */,
			);
			sourceTree = "<group>";
		};
		7222A2631E2123F200EE2E0F /* Products */ = {
			isa = PBXGroup;
			children = (
				7222A2621E2123F200EE2E0F /* Playing-with-RxSwift.app */,
			);
			name = Products;
			sourceTree = "<group>";
		};
		7222A2641E2123F200EE2E0F /* Playing-with-RxSwift */ = {
			isa = PBXGroup;
			children = (
				7222A2651E2123F200EE2E0F /* AppDelegate.swift */,
				7222A2671E2123F200EE2E0F /* ViewController.swift */,
				7222A2691E2123F200EE2E0F /* Main.storyboard */,
				7222A26C1E2123F200EE2E0F /* Assets.xcassets */,
				7222A26E1E2123F200EE2E0F /* LaunchScreen.storyboard */,
				7222A2711E2123F200EE2E0F /* Info.plist */,
			);
			path = "Playing-with-RxSwift";
			sourceTree = "<group>";
		};
/* End PBXGroup section */

/* Begin PBXNativeTarget section */
		7222A2611E2123F200EE2E0F /* Playing-with-RxSwift */ = {
			isa = PBXNativeTarget;
			buildConfigurationList = 7222A2741E2123F200EE2E0F /* Build configuration list for PBXNativeTarget "Playing-with-RxSwift" */;
			buildPhases = (
				7222A25E1E2123F200EE2E0F /* Sources */,
				7222A25F1E2123F200EE2E0F /* Frameworks */,
				7222A2601E2123F200EE2E0F /* Resources */,
			);
			buildRules = (
			);
			dependencies = (
			);
			name = "Playing-with-RxSwift";
			productName = "Playing-with-RxSwift";
			productReference = 7222A2621E2123F200EE2E0F /* Playing-with-RxSwift.app */;
			productType = "com.apple.product-type.application";
		};
/* End PBXNativeTarget section */

/* Begin PBXProject section */
		7222A25A1E2123F200EE2E0F /* Project object */ = {
			isa = PBXProject;
			attributes = {
				LastSwiftUpdateCheck = 0820;
				LastUpgradeCheck = 0820;
				ORGANIZATIONNAME = "Roberto Gómez";
				TargetAttributes = {
					7222A2611E2123F200EE2E0F = {
						CreatedOnToolsVersion = 8.2.1;
						ProvisioningStyle = Automatic;
					};
				};
			};
			buildConfigurationList = 7222A25D1E2123F200EE2E0F /* Build configuration list for PBXProject "Playing-with-RxSwift" */;
			compatibilityVersion = "Xcode 3.2";
			developmentRegion = English;
			hasScannedForEncodings = 0;
			knownRegions = (
				en,
				Base,
			);
			mainGroup = 7222A2591E2123F200EE2E0F;
			productRefGroup = 7222A2631E2123F200EE2E0F /* Products */;
			projectDirPath = "";
			projectRoot = "";
			targets = (
				7222A2611E2123F200EE2E0F /* Playing-with-RxSwift */,
			);
		};
/* End PBXProject section */

/* Begin PBXResourcesBuildPhase section */
		7222A2601E2123F200EE2E0F /* Resources */ = {
			isa = PBXResourcesBuildPhase;
			buildActionMask = 2147483647;
			files = (
				7222A2701E2123F200EE2E0F /* LaunchScreen.storyboard in Resources */,
				7222A26D1E2123F200EE2E0F /* Assets.xcassets in Resources */,
				7222A26B1E2123F200EE2E0F /* Main.storyboard in Resources */,
			);
			runOnlyForDeploymentPostprocessing = 0;
		};
/* End PBXResourcesBuildPhase section */

/* Begin PBXSourcesBuildPhase section */
		7222A25E1E2123F200EE2E0F /* Sources */ = {
			isa = PBXSourcesBuildPhase;
			buildActionMask = 2147483647;
			files = (
				7222A2681E2123F200EE2E0F /* ViewController.swift in Sources */,
				7222A2661E2123F200EE2E0F /* AppDelegate.swift in Sources */,
			);
			runOnlyForDeploymentPostprocessing = 0;
		};
/* End PBXSourcesBuildPhase section */

/* Begin PBXVariantGroup section */
		7222A2691E2123F200EE2E0F /* Main.storyboard */ = {
			isa = PBXVariantGroup;
			children = (
				7222A26A1E2123F200EE2E0F /* Base */,
			);
			name = Main.storyboard;
			sourceTree = "<group>";
		};
		7222A26E1E2123F200EE2E0F /* LaunchScreen.storyboard */ = {
			isa = PBXVariantGroup;
			children = (
				7222A26F1E2123F200EE2E0F /* Base */,
			);
			name = LaunchScreen.storyboard;
			sourceTree = "<group>";
		};
/* End PBXVariantGroup section */

/* Begin XCBuildConfiguration section */
		7222A2721E2123F200EE2E0F /* Debug */ = {
			isa = XCBuildConfiguration;
			buildSettings = {
				ALWAYS_SEARCH_USER_PATHS = NO;
				CLANG_ANALYZER_NONNULL = YES;
				CLANG_CXX_LANGUAGE_STANDARD = "gnu++0x";
				CLANG_CXX_LIBRARY = "libc++";
				CLANG_ENABLE_MODULES = YES;
				CLANG_ENABLE_OBJC_ARC = YES;
				CLANG_WARN_BOOL_CONVERSION = YES;
				CLANG_WARN_CONSTANT_CONVERSION = YES;
				CLANG_WARN_DIRECT_OBJC_ISA_USAGE = YES_ERROR;
				CLANG_WARN_DOCUMENTATION_COMMENTS = YES;
				CLANG_WARN_EMPTY_BODY = YES;
				CLANG_WARN_ENUM_CONVERSION = YES;
				CLANG_WARN_INFINITE_RECURSION = YES;
				CLANG_WARN_INT_CONVERSION = YES;
				CLANG_WARN_OBJC_ROOT_CLASS = YES_ERROR;
				CLANG_WARN_SUSPICIOUS_MOVE = YES;
				CLANG_WARN_UNREACHABLE_CODE = YES;
				CLANG_WARN__DUPLICATE_METHOD_MATCH = YES;
				"CODE_SIGN_IDENTITY[sdk=iphoneos*]" = "iPhone Developer";
				COPY_PHASE_STRIP = NO;
				DEBUG_INFORMATION_FORMAT = dwarf;
				ENABLE_STRICT_OBJC_MSGSEND = YES;
				ENABLE_TESTABILITY = YES;
				GCC_C_LANGUAGE_STANDARD = gnu99;
				GCC_DYNAMIC_NO_PIC = NO;
				GCC_NO_COMMON_BLOCKS = YES;
				GCC_OPTIMIZATION_LEVEL = 0;
				GCC_PREPROCESSOR_DEFINITIONS = (
					"DEBUG=1",
					"$(inherited)",
				);
				GCC_WARN_64_TO_32_BIT_CONVERSION = YES;
				GCC_WARN_ABOUT_RETURN_TYPE = YES_ERROR;
				GCC_WARN_UNDECLARED_SELECTOR = YES;
				GCC_WARN_UNINITIALIZED_AUTOS = YES_AGGRESSIVE;
				GCC_WARN_UNUSED_FUNCTION = YES;
				GCC_WARN_UNUSED_VARIABLE = YES;
				IPHONEOS_DEPLOYMENT_TARGET = 10.2;
				MTL_ENABLE_DEBUG_INFO = YES;
				ONLY_ACTIVE_ARCH = YES;
				SDKROOT = iphoneos;
				SWIFT_ACTIVE_COMPILATION_CONDITIONS = DEBUG;
				SWIFT_OPTIMIZATION_LEVEL = "-Onone";
			};
			name = Debug;
		};
		7222A2731E2123F200EE2E0F /* Release */ = {
			isa = XCBuildConfiguration;
			buildSettings = {
				ALWAYS_SEARCH_USER_PATHS = NO;
				CLANG_ANALYZER_NONNULL = YES;
				CLANG_CXX_LANGUAGE_STANDARD = "gnu++0x";
				CLANG_CXX_LIBRARY = "libc++";
				CLANG_ENABLE_MODULES = YES;
				CLANG_ENABLE_OBJC_ARC = YES;
				CLANG_WARN_BOOL_CONVERSION = YES;
				CLANG_WARN_CONSTANT_CONVERSION = YES;
				CLANG_WARN_DIRECT_OBJC_ISA_USAGE = YES_ERROR;
				CLANG_WARN_DOCUMENTATION_COMMENTS = YES;
				CLANG_WARN_EMPTY_BODY = YES;
				CLANG_WARN_ENUM_CONVERSION = YES;
				CLANG_WARN_INFINITE_RECURSION = YES;
				CLANG_WARN_INT_CONVERSION = YES;
				CLANG_WARN_OBJC_ROOT_CLASS = YES_ERROR;
				CLANG_WARN_SUSPICIOUS_MOVE = YES;
				CLANG_WARN_UNREACHABLE_CODE = YES;
				CLANG_WARN__DUPLICATE_METHOD_MATCH = YES;
				"CODE_SIGN_IDENTITY[sdk=iphoneos*]" = "iPhone Developer";
				COPY_PHASE_STRIP = NO;
				DEBUG_INFORMATION_FORMAT = "dwarf-with-dsym";
				ENABLE_NS_ASSERTIONS = NO;
				ENABLE_STRICT_OBJC_MSGSEND = YES;
				GCC_C_LANGUAGE_STANDARD = gnu99;
				GCC_NO_COMMON_BLOCKS = YES;
				GCC_WARN_64_TO_32_BIT_CONVERSION = YES;
				GCC_WARN_ABOUT_RETURN_TYPE = YES_ERROR;
				GCC_WARN_UNDECLARED_SELECTOR = YES;
				GCC_WARN_UNINITIALIZED_AUTOS = YES_AGGRESSIVE;
				GCC_WARN_UNUSED_FUNCTION = YES;
				GCC_WARN_UNUSED_VARIABLE = YES;
				IPHONEOS_DEPLOYMENT_TARGET = 10.2;
				MTL_ENABLE_DEBUG_INFO = NO;
				SDKROOT = iphoneos;
				SWIFT_OPTIMIZATION_LEVEL = "-Owholemodule";
				VALIDATE_PRODUCT = YES;
			};
			name = Release;
		};
		7222A2751E2123F200EE2E0F /* Debug */ = {
			isa = XCBuildConfiguration;
			buildSettings = {
				ASSETCATALOG_COMPILER_APPICON_NAME = AppIcon;
				INFOPLIST_FILE = "Playing-with-RxSwift/Info.plist";
				LD_RUNPATH_SEARCH_PATHS = "$(inherited) @executable_path/Frameworks";
				PRODUCT_BUNDLE_IDENTIFIER = "com.robertogomez.Playing-with-RxSwift";
				PRODUCT_NAME = "$(TARGET_NAME)";
				SWIFT_VERSION = 3.0;
			};
			name = Debug;
		};
		7222A2761E2123F200EE2E0F /* Release */ = {
			isa = XCBuildConfiguration;
			buildSettings = {
				ASSETCATALOG_COMPILER_APPICON_NAME = AppIcon;
				INFOPLIST_FILE = "Playing-with-RxSwift/Info.plist";
				LD_RUNPATH_SEARCH_PATHS = "$(inherited) @executable_path/Frameworks";
				PRODUCT_BUNDLE_IDENTIFIER = "com.robertogomez.Playing-with-RxSwift";
				PRODUCT_NAME = "$(TARGET_NAME)";
				SWIFT_VERSION = 3.0;
			};
			name = Release;
		};
/* End XCBuildConfiguration section */

/* Begin XCConfigurationList section */
		7222A25D1E2123F200EE2E0F /* Build configuration list for PBXProject "Playing-with-RxSwift" */ = {
			isa = XCConfigurationList;
			buildConfigurations = (
				7222A2721E2123F200EE2E0F /* Debug */,
				7222A2731E2123F200EE2E0F /* Release */,
			);
			defaultConfigurationIsVisible = 0;
			defaultConfigurationName = Release;
		};
		7222A2741E2123F200EE2E0F /* Build configuration list for PBXNativeTarget "Playing-with-RxSwift" */ = {
			isa = XCConfigurationList;
			buildConfigurations = (
				7222A2751E2123F200EE2E0F /* Debug */,
				7222A2761E2123F200EE2E0F /* Release */,
			);
			defaultConfigurationIsVisible = 0;
		};
/* End XCConfigurationList section */
	};
	rootObject = 7222A25A1E2123F200EE2E0F /* Project object */;
}
