// !$*UTF8*$!
{
	archiveVersion = 1;
	classes = {
	};
	objectVersion = 46;
	objects = {

/* Begin PBXBuildFile section */
		7222A2661E2123F200EE2E0F /* AppDelegate.swift in Sources */ = {isa = PBXBuildFile; fileRef = 7222A2651E2123F200EE2E0F /* AppDelegate.swift */; };
		7222A26B1E2123F200EE2E0F /* Main.storyboard in Resources */ = {isa = PBXBuildFile; fileRef = 7222A2691E2123F200EE2E0F /* Main.storyboard */; };
		7222A26D1E2123F200EE2E0F /* Assets.xcassets in Resources */ = {isa = PBXBuildFile; fileRef = 7222A26C1E2123F200EE2E0F /* Assets.xcassets */; };
		7222A2701E2123F200EE2E0F /* LaunchScreen.storyboard in Resources */ = {isa = PBXBuildFile; fileRef = 7222A26E1E2123F200EE2E0F /* LaunchScreen.storyboard */; };
		7226D8161F615DA0004F4956 /* data.json in Resources */ = {isa = PBXBuildFile; fileRef = 7226D8151F615DA0004F4956 /* data.json */; };
		722E59F41E27774400A01E85 /* MainViewController.swift in Sources */ = {isa = PBXBuildFile; fileRef = 722E59F21E27774400A01E85 /* MainViewController.swift */; };
		723393391F4EF148000A9E26 /* MapViewController.swift in Sources */ = {isa = PBXBuildFile; fileRef = 723393381F4EF148000A9E26 /* MapViewController.swift */; };
		724BED921F6A9B670043B3B1 /* NavigationServices.swift in Sources */ = {isa = PBXBuildFile; fileRef = 724BED911F6A9B670043B3B1 /* NavigationServices.swift */; };
		725B4C2D1F66A33600CB12A9 /* CalloutView.swift in Sources */ = {isa = PBXBuildFile; fileRef = 725B4C2C1F66A33600CB12A9 /* CalloutView.swift */; };
		725B4C2F1F66A39000CB12A9 /* CalloutView.xib in Resources */ = {isa = PBXBuildFile; fileRef = 725B4C2E1F66A39000CB12A9 /* CalloutView.xib */; };
		728B9B341E2CFF0E00F64013 /* RxTableViewController.swift in Sources */ = {isa = PBXBuildFile; fileRef = 728B9B331E2CFF0E00F64013 /* RxTableViewController.swift */; };
		728B9B371E2CFF2800F64013 /* SearchBarViewController.swift in Sources */ = {isa = PBXBuildFile; fileRef = 728B9B361E2CFF2800F64013 /* SearchBarViewController.swift */; };
		FC956F8A7C082D71EE9DCFB9 /* Pods_Playing_with_RxSwift.framework in Frameworks */ = {isa = PBXBuildFile; fileRef = C4813BAFA209CE369E80F416 /* Pods_Playing_with_RxSwift.framework */; };
/* End PBXBuildFile section */

/* Begin PBXFileReference section */
		0D9486C73F5595DF2F1F3634 /* Pods-Playing-with-RxSwift.debug.xcconfig */ = {isa = PBXFileReference; includeInIndex = 1; lastKnownFileType = text.xcconfig; name = "Pods-Playing-with-RxSwift.debug.xcconfig"; path = "Pods/Target Support Files/Pods-Playing-with-RxSwift/Pods-Playing-with-RxSwift.debug.xcconfig"; sourceTree = "<group>"; };
		3D2BB64C3637A40C5AF11494 /* Pods-Playing-with-RxSwift.release.xcconfig */ = {isa = PBXFileReference; includeInIndex = 1; lastKnownFileType = text.xcconfig; name = "Pods-Playing-with-RxSwift.release.xcconfig"; path = "Pods/Target Support Files/Pods-Playing-with-RxSwift/Pods-Playing-with-RxSwift.release.xcconfig"; sourceTree = "<group>"; };
		7222A2621E2123F200EE2E0F /* Playing-with-RxSwift.app */ = {isa = PBXFileReference; explicitFileType = wrapper.application; includeInIndex = 0; path = "Playing-with-RxSwift.app"; sourceTree = BUILT_PRODUCTS_DIR; };
		7222A2651E2123F200EE2E0F /* AppDelegate.swift */ = {isa = PBXFileReference; lastKnownFileType = sourcecode.swift; path = AppDelegate.swift; sourceTree = "<group>"; };
		7222A26A1E2123F200EE2E0F /* Base */ = {isa = PBXFileReference; lastKnownFileType = file.storyboard; name = Base; path = Base.lproj/Main.storyboard; sourceTree = "<group>"; };
		7222A26C1E2123F200EE2E0F /* Assets.xcassets */ = {isa = PBXFileReference; lastKnownFileType = folder.assetcatalog; path = Assets.xcassets; sourceTree = "<group>"; };
		7222A26F1E2123F200EE2E0F /* Base */ = {isa = PBXFileReference; lastKnownFileType = file.storyboard; name = Base; path = Base.lproj/LaunchScreen.storyboard; sourceTree = "<group>"; };
		7222A2711E2123F200EE2E0F /* Info.plist */ = {isa = PBXFileReference; lastKnownFileType = text.plist.xml; path = Info.plist; sourceTree = "<group>"; };
		7226D8151F615DA0004F4956 /* data.json */ = {isa = PBXFileReference; fileEncoding = 4; lastKnownFileType = text.json; path = data.json; sourceTree = "<group>"; };
		722E59F21E27774400A01E85 /* MainViewController.swift */ = {isa = PBXFileReference; fileEncoding = 4; lastKnownFileType = sourcecode.swift; path = MainViewController.swift; sourceTree = "<group>"; };
		723393381F4EF148000A9E26 /* MapViewController.swift */ = {isa = PBXFileReference; fileEncoding = 4; lastKnownFileType = sourcecode.swift; path = MapViewController.swift; sourceTree = "<group>"; };
		724BED911F6A9B670043B3B1 /* NavigationServices.swift */ = {isa = PBXFileReference; lastKnownFileType = sourcecode.swift; path = NavigationServices.swift; sourceTree = "<group>"; };
		725B4C2C1F66A33600CB12A9 /* CalloutView.swift */ = {isa = PBXFileReference; fileEncoding = 4; lastKnownFileType = sourcecode.swift; path = CalloutView.swift; sourceTree = "<group>"; };
		725B4C2E1F66A39000CB12A9 /* CalloutView.xib */ = {isa = PBXFileReference; fileEncoding = 4; lastKnownFileType = file.xib; path = CalloutView.xib; sourceTree = "<group>"; };
		728B9B331E2CFF0E00F64013 /* RxTableViewController.swift */ = {isa = PBXFileReference; fileEncoding = 4; lastKnownFileType = sourcecode.swift; path = RxTableViewController.swift; sourceTree = "<group>"; };
		728B9B361E2CFF2800F64013 /* SearchBarViewController.swift */ = {isa = PBXFileReference; fileEncoding = 4; lastKnownFileType = sourcecode.swift; path = SearchBarViewController.swift; sourceTree = "<group>"; };
		C4813BAFA209CE369E80F416 /* Pods_Playing_with_RxSwift.framework */ = {isa = PBXFileReference; explicitFileType = wrapper.framework; includeInIndex = 0; path = Pods_Playing_with_RxSwift.framework; sourceTree = BUILT_PRODUCTS_DIR; };
/* End PBXFileReference section */

/* Begin PBXFrameworksBuildPhase section */
		7222A25F1E2123F200EE2E0F /* Frameworks */ = {
			isa = PBXFrameworksBuildPhase;
			buildActionMask = 2147483647;
			files = (
				FC956F8A7C082D71EE9DCFB9 /* Pods_Playing_with_RxSwift.framework in Frameworks */,
			);
			runOnlyForDeploymentPostprocessing = 0;
		};
/* End PBXFrameworksBuildPhase section */

/* Begin PBXGroup section */
		7222A2591E2123F200EE2E0F = {
			isa = PBXGroup;
			children = (
				7222A2641E2123F200EE2E0F /* Playing-with-RxSwift */,
				7222A2631E2123F200EE2E0F /* Products */,
				EFAF38666EE6906F4DDA2DCD /* Pods */,
				D3F310C9984AC8EC89F6AC5E /* Frameworks */,
			);
			sourceTree = "<group>";
		};
		7222A2631E2123F200EE2E0F /* Products */ = {
			isa = PBXGroup;
			children = (
				7222A2621E2123F200EE2E0F /* Playing-with-RxSwift.app */,
			);
			name = Products;
			sourceTree = "<group>";
		};
		7222A2641E2123F200EE2E0F /* Playing-with-RxSwift */ = {
			isa = PBXGroup;
			children = (
				7222A2651E2123F200EE2E0F /* AppDelegate.swift */,
				722E59F21E27774400A01E85 /* MainViewController.swift */,
				728B9B321E2CFF0E00F64013 /* TableViewClasses */,
				728B9B351E2CFF2800F64013 /* SearchBarClasses */,
				723393321F4EED69000A9E26 /* MapViewClasses */,
				7222A2691E2123F200EE2E0F /* Main.storyboard */,
				7222A26C1E2123F200EE2E0F /* Assets.xcassets */,
				7222A26E1E2123F200EE2E0F /* LaunchScreen.storyboard */,
				7222A2711E2123F200EE2E0F /* Info.plist */,
			);
			path = "Playing-with-RxSwift";
			sourceTree = "<group>";
		};
		723393321F4EED69000A9E26 /* MapViewClasses */ = {
			isa = PBXGroup;
			children = (
				723393491F4F0064000A9E26 /* Model */,
				723393381F4EF148000A9E26 /* MapViewController.swift */,
				725B4C2C1F66A33600CB12A9 /* CalloutView.swift */,
				725B4C2E1F66A39000CB12A9 /* CalloutView.xib */,
				724BED911F6A9B670043B3B1 /* NavigationServices.swift */,
			);
			path = MapViewClasses;
			sourceTree = "<group>";
		};
		723393491F4F0064000A9E26 /* Model */ = {
			isa = PBXGroup;
			children = (
				7226D8151F615DA0004F4956 /* data.json */,
			);
			path = Model;
			sourceTree = "<group>";
		};
		728B9B321E2CFF0E00F64013 /* TableViewClasses */ = {
			isa = PBXGroup;
			children = (
				728B9B331E2CFF0E00F64013 /* RxTableViewController.swift */,
			);
			path = TableViewClasses;
			sourceTree = "<group>";
		};
		728B9B351E2CFF2800F64013 /* SearchBarClasses */ = {
			isa = PBXGroup;
			children = (
				728B9B361E2CFF2800F64013 /* SearchBarViewController.swift */,
			);
			path = SearchBarClasses;
			sourceTree = "<group>";
		};
		D3F310C9984AC8EC89F6AC5E /* Frameworks */ = {
			isa = PBXGroup;
			children = (
				C4813BAFA209CE369E80F416 /* Pods_Playing_with_RxSwift.framework */,
			);
			name = Frameworks;
			sourceTree = "<group>";
		};
		EFAF38666EE6906F4DDA2DCD /* Pods */ = {
			isa = PBXGroup;
			children = (
				0D9486C73F5595DF2F1F3634 /* Pods-Playing-with-RxSwift.debug.xcconfig */,
				3D2BB64C3637A40C5AF11494 /* Pods-Playing-with-RxSwift.release.xcconfig */,
			);
			name = Pods;
			sourceTree = "<group>";
		};
/* End PBXGroup section */

/* Begin PBXNativeTarget section */
		7222A2611E2123F200EE2E0F /* Playing-with-RxSwift */ = {
			isa = PBXNativeTarget;
			buildConfigurationList = 7222A2741E2123F200EE2E0F /* Build configuration list for PBXNativeTarget "Playing-with-RxSwift" */;
			buildPhases = (
				6F46F78145D17093562BAA23 /* [CP] Check Pods Manifest.lock */,
				7222A25E1E2123F200EE2E0F /* Sources */,
				7222A25F1E2123F200EE2E0F /* Frameworks */,
				7222A2601E2123F200EE2E0F /* Resources */,
				8A184DED9200B26B5665249B /* [CP] Embed Pods Frameworks */,
				91F7C586907480D1B064260A /* [CP] Copy Pods Resources */,
			);
			buildRules = (
			);
			dependencies = (
			);
			name = "Playing-with-RxSwift";
			productName = "Playing-with-RxSwift";
			productReference = 7222A2621E2123F200EE2E0F /* Playing-with-RxSwift.app */;
			productType = "com.apple.product-type.application";
		};
/* End PBXNativeTarget section */

/* Begin PBXProject section */
		7222A25A1E2123F200EE2E0F /* Project object */ = {
			isa = PBXProject;
			attributes = {
				LastSwiftUpdateCheck = 0820;
				LastUpgradeCheck = 0900;
				ORGANIZATIONNAME = "Roberto Gómez";
				TargetAttributes = {
					7222A2611E2123F200EE2E0F = {
						CreatedOnToolsVersion = 8.2.1;
						DevelopmentTeam = MUUV5K5WTY;
						LastSwiftMigration = 0900;
						ProvisioningStyle = Automatic;
					};
				};
			};
			buildConfigurationList = 7222A25D1E2123F200EE2E0F /* Build configuration list for PBXProject "Playing-with-RxSwift" */;
			compatibilityVersion = "Xcode 3.2";
			developmentRegion = English;
			hasScannedForEncodings = 0;
			knownRegions = (
				en,
				Base,
			);
			mainGroup = 7222A2591E2123F200EE2E0F;
			productRefGroup = 7222A2631E2123F200EE2E0F /* Products */;
			projectDirPath = "";
			projectRoot = "";
			targets = (
				7222A2611E2123F200EE2E0F /* Playing-with-RxSwift */,
			);
		};
/* End PBXProject section */

/* Begin PBXResourcesBuildPhase section */
		7222A2601E2123F200EE2E0F /* Resources */ = {
			isa = PBXResourcesBuildPhase;
			buildActionMask = 2147483647;
			files = (
				7222A2701E2123F200EE2E0F /* LaunchScreen.storyboard in Resources */,
				7222A26D1E2123F200EE2E0F /* Assets.xcassets in Resources */,
				7222A26B1E2123F200EE2E0F /* Main.storyboard in Resources */,
				7226D8161F615DA0004F4956 /* data.json in Resources */,
				725B4C2F1F66A39000CB12A9 /* CalloutView.xib in Resources */,
			);
			runOnlyForDeploymentPostprocessing = 0;
		};
/* End PBXResourcesBuildPhase section */

/* Begin PBXShellScriptBuildPhase section */
		6F46F78145D17093562BAA23 /* [CP] Check Pods Manifest.lock */ = {
			isa = PBXShellScriptBuildPhase;
			buildActionMask = 2147483647;
			files = (
			);
			inputPaths = (
			);
			name = "[CP] Check Pods Manifest.lock";
			outputPaths = (
			);
			runOnlyForDeploymentPostprocessing = 0;
			shellPath = /bin/sh;
			shellScript = "diff \"${PODS_PODFILE_DIR_PATH}/Podfile.lock\" \"${PODS_ROOT}/Manifest.lock\" > /dev/null\nif [ $? != 0 ] ; then\n    # print error to STDERR\n    echo \"error: The sandbox is not in sync with the Podfile.lock. Run 'pod install' or update your CocoaPods installation.\" >&2\n    exit 1\nfi\n";
			showEnvVarsInLog = 0;
		};
		8A184DED9200B26B5665249B /* [CP] Embed Pods Frameworks */ = {
			isa = PBXShellScriptBuildPhase;
			buildActionMask = 2147483647;
			files = (
			);
			inputPaths = (
			);
			name = "[CP] Embed Pods Frameworks";
			outputPaths = (
			);
			runOnlyForDeploymentPostprocessing = 0;
			shellPath = /bin/sh;
			shellScript = "\"${SRCROOT}/Pods/Target Support Files/Pods-Playing-with-RxSwift/Pods-Playing-with-RxSwift-frameworks.sh\"\n";
			showEnvVarsInLog = 0;
		};
		91F7C586907480D1B064260A /* [CP] Copy Pods Resources */ = {
			isa = PBXShellScriptBuildPhase;
			buildActionMask = 2147483647;
			files = (
			);
			inputPaths = (
			);
			name = "[CP] Copy Pods Resources";
			outputPaths = (
			);
			runOnlyForDeploymentPostprocessing = 0;
			shellPath = /bin/sh;
			shellScript = "\"${SRCROOT}/Pods/Target Support Files/Pods-Playing-with-RxSwift/Pods-Playing-with-RxSwift-resources.sh\"\n";
			showEnvVarsInLog = 0;
		};
/* End PBXShellScriptBuildPhase section */

/* Begin PBXSourcesBuildPhase section */
		7222A25E1E2123F200EE2E0F /* Sources */ = {
			isa = PBXSourcesBuildPhase;
			buildActionMask = 2147483647;
			files = (
				722E59F41E27774400A01E85 /* MainViewController.swift in Sources */,
				728B9B371E2CFF2800F64013 /* SearchBarViewController.swift in Sources */,
				724BED921F6A9B670043B3B1 /* NavigationServices.swift in Sources */,
				7222A2661E2123F200EE2E0F /* AppDelegate.swift in Sources */,
				728B9B341E2CFF0E00F64013 /* RxTableViewController.swift in Sources */,
				723393391F4EF148000A9E26 /* MapViewController.swift in Sources */,
				725B4C2D1F66A33600CB12A9 /* CalloutView.swift in Sources */,
			);
			runOnlyForDeploymentPostprocessing = 0;
		};
/* End PBXSourcesBuildPhase section */

/* Begin PBXVariantGroup section */
		7222A2691E2123F200EE2E0F /* Main.storyboard */ = {
			isa = PBXVariantGroup;
			children = (
				7222A26A1E2123F200EE2E0F /* Base */,
			);
			name = Main.storyboard;
			sourceTree = "<group>";
		};
		7222A26E1E2123F200EE2E0F /* LaunchScreen.storyboard */ = {
			isa = PBXVariantGroup;
			children = (
				7222A26F1E2123F200EE2E0F /* Base */,
			);
			name = LaunchScreen.storyboard;
			sourceTree = "<group>";
		};
/* End PBXVariantGroup section */

/* Begin XCBuildConfiguration section */
		7222A2721E2123F200EE2E0F /* Debug */ = {
			isa = XCBuildConfiguration;
			buildSettings = {
				ALWAYS_SEARCH_USER_PATHS = NO;
				CLANG_ANALYZER_NONNULL = YES;
				CLANG_CXX_LANGUAGE_STANDARD = "gnu++0x";
				CLANG_CXX_LIBRARY = "libc++";
				CLANG_ENABLE_MODULES = YES;
				CLANG_ENABLE_OBJC_ARC = YES;
				CLANG_WARN_BLOCK_CAPTURE_AUTORELEASING = YES;
				CLANG_WARN_BOOL_CONVERSION = YES;
				CLANG_WARN_COMMA = YES;
				CLANG_WARN_CONSTANT_CONVERSION = YES;
				CLANG_WARN_DIRECT_OBJC_ISA_USAGE = YES_ERROR;
				CLANG_WARN_DOCUMENTATION_COMMENTS = YES;
				CLANG_WARN_EMPTY_BODY = YES;
				CLANG_WARN_ENUM_CONVERSION = YES;
				CLANG_WARN_INFINITE_RECURSION = YES;
				CLANG_WARN_INT_CONVERSION = YES;
				CLANG_WARN_NON_LITERAL_NULL_CONVERSION = YES;
				CLANG_WARN_OBJC_LITERAL_CONVERSION = YES;
				CLANG_WARN_OBJC_ROOT_CLASS = YES_ERROR;
				CLANG_WARN_RANGE_LOOP_ANALYSIS = YES;
				CLANG_WARN_STRICT_PROTOTYPES = YES;
				CLANG_WARN_SUSPICIOUS_MOVE = YES;
				CLANG_WARN_UNREACHABLE_CODE = YES;
				CLANG_WARN__DUPLICATE_METHOD_MATCH = YES;
				"CODE_SIGN_IDENTITY[sdk=iphoneos*]" = "iPhone Developer";
				COPY_PHASE_STRIP = NO;
				DEBUG_INFORMATION_FORMAT = dwarf;
				ENABLE_STRICT_OBJC_MSGSEND = YES;
				ENABLE_TESTABILITY = YES;
				GCC_C_LANGUAGE_STANDARD = gnu99;
				GCC_DYNAMIC_NO_PIC = NO;
				GCC_NO_COMMON_BLOCKS = YES;
				GCC_OPTIMIZATION_LEVEL = 0;
				GCC_PREPROCESSOR_DEFINITIONS = (
					"DEBUG=1",
					"$(inherited)",
				);
				GCC_WARN_64_TO_32_BIT_CONVERSION = YES;
				GCC_WARN_ABOUT_RETURN_TYPE = YES_ERROR;
				GCC_WARN_UNDECLARED_SELECTOR = YES;
				GCC_WARN_UNINITIALIZED_AUTOS = YES_AGGRESSIVE;
				GCC_WARN_UNUSED_FUNCTION = YES;
				GCC_WARN_UNUSED_VARIABLE = YES;
				IPHONEOS_DEPLOYMENT_TARGET = 10.2;
				MTL_ENABLE_DEBUG_INFO = YES;
				ONLY_ACTIVE_ARCH = YES;
				SDKROOT = iphoneos;
				SWIFT_ACTIVE_COMPILATION_CONDITIONS = DEBUG;
				SWIFT_OPTIMIZATION_LEVEL = "-Onone";
			};
			name = Debug;
		};
		7222A2731E2123F200EE2E0F /* Release */ = {
			isa = XCBuildConfiguration;
			buildSettings = {
				ALWAYS_SEARCH_USER_PATHS = NO;
				CLANG_ANALYZER_NONNULL = YES;
				CLANG_CXX_LANGUAGE_STANDARD = "gnu++0x";
				CLANG_CXX_LIBRARY = "libc++";
				CLANG_ENABLE_MODULES = YES;
				CLANG_ENABLE_OBJC_ARC = YES;
				CLANG_WARN_BLOCK_CAPTURE_AUTORELEASING = YES;
				CLANG_WARN_BOOL_CONVERSION = YES;
				CLANG_WARN_COMMA = YES;
				CLANG_WARN_CONSTANT_CONVERSION = YES;
				CLANG_WARN_DIRECT_OBJC_ISA_USAGE = YES_ERROR;
				CLANG_WARN_DOCUMENTATION_COMMENTS = YES;
				CLANG_WARN_EMPTY_BODY = YES;
				CLANG_WARN_ENUM_CONVERSION = YES;
				CLANG_WARN_INFINITE_RECURSION = YES;
				CLANG_WARN_INT_CONVERSION = YES;
				CLANG_WARN_NON_LITERAL_NULL_CONVERSION = YES;
				CLANG_WARN_OBJC_LITERAL_CONVERSION = YES;
				CLANG_WARN_OBJC_ROOT_CLASS = YES_ERROR;
				CLANG_WARN_RANGE_LOOP_ANALYSIS = YES;
				CLANG_WARN_STRICT_PROTOTYPES = YES;
				CLANG_WARN_SUSPICIOUS_MOVE = YES;
				CLANG_WARN_UNREACHABLE_CODE = YES;
				CLANG_WARN__DUPLICATE_METHOD_MATCH = YES;
				"CODE_SIGN_IDENTITY[sdk=iphoneos*]" = "iPhone Developer";
				COPY_PHASE_STRIP = NO;
				DEBUG_INFORMATION_FORMAT = "dwarf-with-dsym";
				ENABLE_NS_ASSERTIONS = NO;
				ENABLE_STRICT_OBJC_MSGSEND = YES;
				GCC_C_LANGUAGE_STANDARD = gnu99;
				GCC_NO_COMMON_BLOCKS = YES;
				GCC_WARN_64_TO_32_BIT_CONVERSION = YES;
				GCC_WARN_ABOUT_RETURN_TYPE = YES_ERROR;
				GCC_WARN_UNDECLARED_SELECTOR = YES;
				GCC_WARN_UNINITIALIZED_AUTOS = YES_AGGRESSIVE;
				GCC_WARN_UNUSED_FUNCTION = YES;
				GCC_WARN_UNUSED_VARIABLE = YES;
				IPHONEOS_DEPLOYMENT_TARGET = 10.2;
				MTL_ENABLE_DEBUG_INFO = NO;
				SDKROOT = iphoneos;
				SWIFT_OPTIMIZATION_LEVEL = "-Owholemodule";
				VALIDATE_PRODUCT = YES;
			};
			name = Release;
		};
		7222A2751E2123F200EE2E0F /* Debug */ = {
			isa = XCBuildConfiguration;
			baseConfigurationReference = 0D9486C73F5595DF2F1F3634 /* Pods-Playing-with-RxSwift.debug.xcconfig */;
			buildSettings = {
				ASSETCATALOG_COMPILER_APPICON_NAME = AppIcon;
				DEVELOPMENT_TEAM = MUUV5K5WTY;
				INFOPLIST_FILE = "Playing-with-RxSwift/Info.plist";
				LD_RUNPATH_SEARCH_PATHS = "$(inherited) @executable_path/Frameworks";
				PRODUCT_BUNDLE_IDENTIFIER = "com.robertogomez.Playing-with-RxSwift";
				PRODUCT_NAME = "$(TARGET_NAME)";
				SWIFT_SWIFT3_OBJC_INFERENCE = On;
				SWIFT_VERSION = 4.0;
			};
			name = Debug;
		};
		7222A2761E2123F200EE2E0F /* Release */ = {
			isa = XCBuildConfiguration;
			baseConfigurationReference = 3D2BB64C3637A40C5AF11494 /* Pods-Playing-with-RxSwift.release.xcconfig */;
			buildSettings = {
				ASSETCATALOG_COMPILER_APPICON_NAME = AppIcon;
				DEVELOPMENT_TEAM = MUUV5K5WTY;
				INFOPLIST_FILE = "Playing-with-RxSwift/Info.plist";
				LD_RUNPATH_SEARCH_PATHS = "$(inherited) @executable_path/Frameworks";
				PRODUCT_BUNDLE_IDENTIFIER = "com.robertogomez.Playing-with-RxSwift";
				PRODUCT_NAME = "$(TARGET_NAME)";
				SWIFT_SWIFT3_OBJC_INFERENCE = On;
				SWIFT_VERSION = 4.0;
			};
			name = Release;
		};
/* End XCBuildConfiguration section */

/* Begin XCConfigurationList section */
		7222A25D1E2123F200EE2E0F /* Build configuration list for PBXProject "Playing-with-RxSwift" */ = {
			isa = XCConfigurationList;
			buildConfigurations = (
				7222A2721E2123F200EE2E0F /* Debug */,
				7222A2731E2123F200EE2E0F /* Release */,
			);
			defaultConfigurationIsVisible = 0;
			defaultConfigurationName = Release;
		};
		7222A2741E2123F200EE2E0F /* Build configuration list for PBXNativeTarget "Playing-with-RxSwift" */ = {
			isa = XCConfigurationList;
			buildConfigurations = (
				7222A2751E2123F200EE2E0F /* Debug */,
				7222A2761E2123F200EE2E0F /* Release */,
			);
			defaultConfigurationIsVisible = 0;
			defaultConfigurationName = Release;
		};
/* End XCConfigurationList section */
	};
	rootObject = 7222A25A1E2123F200EE2E0F /* Project object */;
}
